
Microsoft Visual Studio Solution File, Format Version 12.00
# Visual Studio Version 17
VisualStudioVersion = 17.9.34714.143
MinimumVisualStudioVersion = 10.0.40219.1
Project("{9A19103F-16F7-4668-BE54-9A1E7A4F7556}") = "FBDApp", "FBDApp\FBDApp.csproj", "{3727DBAB-3B65-402A-9972-8CC32BF1ED93}"
EndProject
Global
	GlobalSection(SolutionConfigurationPlatforms) = preSolution
		Debug|Any CPU = Debug|Any CPU
		Release|Any CPU = Release|Any CPU
	EndGlobalSection
	GlobalSection(ProjectConfigurationPlatforms) = postSolution
		{3727DBAB-3B65-402A-9972-8CC32BF1ED93}.Debug|Any CPU.ActiveCfg = Debug|Any CPU
		{3727DBAB-3B65-402A-9972-8CC32BF1ED93}.Debug|Any CPU.Build.0 = Debug|Any CPU
		{3727DBAB-3B65-402A-9972-8CC32BF1ED93}.Release|Any CPU.ActiveCfg = Release|Any CPU
		{3727DBAB-3B65-402A-9972-8CC32BF1ED93}.Release|Any CPU.Build.0 = Release|Any CPU
	EndGlobalSection
	GlobalSection(SolutionProperties) = preSolution
		HideSolutionNode = FALSE
	EndGlobalSection
	GlobalSection(ExtensibilityGlobals) = postSolution
		SolutionGuid = {AE308F7F-3222-43C2-99EE-4D9F68056387}
	EndGlobalSection
EndGlobal
